
Microsoft Visual Studio Solution File, Format Version 12.00
# Visual Studio 15
VisualStudioVersion = 15.0.27428.2037
MinimumVisualStudioVersion = 10.0.40219.1
Project("{FAE04EC0-301F-11D3-BF4B-00C04F79EFBC}") = "Case-Notification-Receiver", "Case-Notification-Receiver\Case-Notification-Receiver.csproj", "{676FEA31-E091-46C8-9ED8-36CCB5E3C9BC}"
EndProject
Global
	GlobalSection(SolutionConfigurationPlatforms) = preSolution
		Debug|Any CPU = Debug|Any CPU
		Release|Any CPU = Release|Any CPU
	EndGlobalSection
	GlobalSection(ProjectConfigurationPlatforms) = postSolution
		{676FEA31-E091-46C8-9ED8-36CCB5E3C9BC}.Debug|Any CPU.ActiveCfg = Debug|Any CPU
		{676FEA31-E091-46C8-9ED8-36CCB5E3C9BC}.Debug|Any CPU.Build.0 = Debug|Any CPU
		{676FEA31-E091-46C8-9ED8-36CCB5E3C9BC}.Release|Any CPU.ActiveCfg = Release|Any CPU
		{676FEA31-E091-46C8-9ED8-36CCB5E3C9BC}.Release|Any CPU.Build.0 = Release|Any CPU
	EndGlobalSection
	GlobalSection(SolutionProperties) = preSolution
		HideSolutionNode = FALSE
	EndGlobalSection
	GlobalSection(ExtensibilityGlobals) = postSolution
		SolutionGuid = {5776E536-C61D-4F1D-A9AA-BF51A7C50437}
	EndGlobalSection
EndGlobal
